
Microsoft Visual Studio Solution File, Format Version 12.00
# Visual Studio Version 16
VisualStudioVersion = 16.0.30621.155
MinimumVisualStudioVersion = 10.0.40219.1
Project("{FAE04EC0-301F-11D3-BF4B-00C04F79EFBC}") = "LibraryAppPrototype", "LibraryAppPrototype.csproj", "{221104C6-3DFE-493E-B4DB-07F3570C0156}"
EndProject
Global
	GlobalSection(SolutionConfigurationPlatforms) = preSolution
		Debug|Any CPU = Debug|Any CPU
		Release|Any CPU = Release|Any CPU
	EndGlobalSection
	GlobalSection(ProjectConfigurationPlatforms) = postSolution
		{221104C6-3DFE-493E-B4DB-07F3570C0156}.Debug|Any CPU.ActiveCfg = Debug|Any CPU
		{221104C6-3DFE-493E-B4DB-07F3570C0156}.Debug|Any CPU.Build.0 = Debug|Any CPU
		{221104C6-3DFE-493E-B4DB-07F3570C0156}.Release|Any CPU.ActiveCfg = Release|Any CPU
		{221104C6-3DFE-493E-B4DB-07F3570C0156}.Release|Any CPU.Build.0 = Release|Any CPU
	EndGlobalSection
	GlobalSection(SolutionProperties) = preSolution
		HideSolutionNode = FALSE
	EndGlobalSection
	GlobalSection(ExtensibilityGlobals) = postSolution
		SolutionGuid = {80F85101-37A6-4350-90AE-3524BFF05F23}
	EndGlobalSection
EndGlobal
